
Microsoft Visual Studio Solution File, Format Version 12.00
# Visual Studio 15
VisualStudioVersion = 15.0.28307.106
MinimumVisualStudioVersion = 10.0.40219.1
Project("{FAE04EC0-301F-11D3-BF4B-00C04F79EFBC}") = "Conceito_While", "Conceito_While\Conceito_While.csproj", "{111BB42C-4826-4D10-9DE9-B2F31556AAB1}"
EndProject
Global
	GlobalSection(SolutionConfigurationPlatforms) = preSolution
		Debug|Any CPU = Debug|Any CPU
		Release|Any CPU = Release|Any CPU
	EndGlobalSection
	GlobalSection(ProjectConfigurationPlatforms) = postSolution
		{111BB42C-4826-4D10-9DE9-B2F31556AAB1}.Debug|Any CPU.ActiveCfg = Debug|Any CPU
		{111BB42C-4826-4D10-9DE9-B2F31556AAB1}.Debug|Any CPU.Build.0 = Debug|Any CPU
		{111BB42C-4826-4D10-9DE9-B2F31556AAB1}.Release|Any CPU.ActiveCfg = Release|Any CPU
		{111BB42C-4826-4D10-9DE9-B2F31556AAB1}.Release|Any CPU.Build.0 = Release|Any CPU
	EndGlobalSection
	GlobalSection(SolutionProperties) = preSolution
		HideSolutionNode = FALSE
	EndGlobalSection
	GlobalSection(ExtensibilityGlobals) = postSolution
		SolutionGuid = {E590BC85-49C2-4B34-BC16-F5BA81A048D9}
	EndGlobalSection
EndGlobal
